
Microsoft Visual Studio Solution File, Format Version 12.00
# Visual Studio 15
Project("{FAE04EC0-301F-11D3-BF4B-00C04F79EFBC}") = "Application", "Application\Application.csproj", "{A0BBDD7B-D6D0-4ED1-A767-13294FB77279}"
EndProject
Project("{FAE04EC0-301F-11D3-BF4B-00C04F79EFBC}") = "Domain", "Domain\Domain.csproj", "{CA04B5EA-4E8A-4D0A-B367-DF516D9ABE92}"
EndProject
Project("{FAE04EC0-301F-11D3-BF4B-00C04F79EFBC}") = "Infrastructure", "Infrastructure\Infrastructure.csproj", "{8DFB4D12-E750-4970-8BAB-1B77233ABB5F}"
EndProject
Project("{2150E333-8FDC-42A3-9474-1A3956D46DE8}") = "Solution Items", "Solution Items", "{34E103AC-D257-4902-AE39-B70A429CACDE}"
	ProjectSection(SolutionItems) = preProject
		docker-compose.yml = docker-compose.yml
		init-mongo.js = init-mongo.js
	EndProjectSection
EndProject
Project("{FAE04EC0-301F-11D3-BF4B-00C04F79EFBC}") = "Test", "Test\Test.csproj", "{69C1976D-5BC2-42B8-BF26-CE35E2830AC4}"
EndProject
Global
	GlobalSection(SolutionConfigurationPlatforms) = preSolution
		Debug|Any CPU = Debug|Any CPU
		Release|Any CPU = Release|Any CPU
	EndGlobalSection
	GlobalSection(ProjectConfigurationPlatforms) = postSolution
		{A0BBDD7B-D6D0-4ED1-A767-13294FB77279}.Debug|Any CPU.ActiveCfg = Debug|Any CPU
		{A0BBDD7B-D6D0-4ED1-A767-13294FB77279}.Debug|Any CPU.Build.0 = Debug|Any CPU
		{A0BBDD7B-D6D0-4ED1-A767-13294FB77279}.Release|Any CPU.ActiveCfg = Release|Any CPU
		{A0BBDD7B-D6D0-4ED1-A767-13294FB77279}.Release|Any CPU.Build.0 = Release|Any CPU
		{CA04B5EA-4E8A-4D0A-B367-DF516D9ABE92}.Debug|Any CPU.ActiveCfg = Debug|Any CPU
		{CA04B5EA-4E8A-4D0A-B367-DF516D9ABE92}.Debug|Any CPU.Build.0 = Debug|Any CPU
		{CA04B5EA-4E8A-4D0A-B367-DF516D9ABE92}.Release|Any CPU.ActiveCfg = Release|Any CPU
		{CA04B5EA-4E8A-4D0A-B367-DF516D9ABE92}.Release|Any CPU.Build.0 = Release|Any CPU
		{8DFB4D12-E750-4970-8BAB-1B77233ABB5F}.Debug|Any CPU.ActiveCfg = Debug|Any CPU
		{8DFB4D12-E750-4970-8BAB-1B77233ABB5F}.Debug|Any CPU.Build.0 = Debug|Any CPU
		{8DFB4D12-E750-4970-8BAB-1B77233ABB5F}.Release|Any CPU.ActiveCfg = Release|Any CPU
		{8DFB4D12-E750-4970-8BAB-1B77233ABB5F}.Release|Any CPU.Build.0 = Release|Any CPU
		{69C1976D-5BC2-42B8-BF26-CE35E2830AC4}.Debug|Any CPU.ActiveCfg = Debug|Any CPU
		{69C1976D-5BC2-42B8-BF26-CE35E2830AC4}.Debug|Any CPU.Build.0 = Debug|Any CPU
		{69C1976D-5BC2-42B8-BF26-CE35E2830AC4}.Release|Any CPU.ActiveCfg = Release|Any CPU
		{69C1976D-5BC2-42B8-BF26-CE35E2830AC4}.Release|Any CPU.Build.0 = Release|Any CPU
	EndGlobalSection
EndGlobal
